
Microsoft Visual Studio Solution File, Format Version 12.00
# Visual Studio 15
VisualStudioVersion = 15.0.27703.2026
MinimumVisualStudioVersion = 10.0.40219.1
Project("{FAE04EC0-301F-11D3-BF4B-00C04F79EFBC}") = "AdavancedCSharp", "AdavancedCSharp\AdavancedCSharp.csproj", "{169BFC3B-DCB5-4A82-8B90-F50E218D3390}"
EndProject
Project("{FAE04EC0-301F-11D3-BF4B-00C04F79EFBC}") = "CSharpOOPDemo", "CSharpOOPDemo\CSharpOOPDemo.csproj", "{F28D059C-139B-4636-B18B-EF97B44CD375}"
EndProject
Global
	GlobalSection(SolutionConfigurationPlatforms) = preSolution
		Debug|Any CPU = Debug|Any CPU
		Release|Any CPU = Release|Any CPU
	EndGlobalSection
	GlobalSection(ProjectConfigurationPlatforms) = postSolution
		{169BFC3B-DCB5-4A82-8B90-F50E218D3390}.Debug|Any CPU.ActiveCfg = Debug|Any CPU
		{169BFC3B-DCB5-4A82-8B90-F50E218D3390}.Debug|Any CPU.Build.0 = Debug|Any CPU
		{169BFC3B-DCB5-4A82-8B90-F50E218D3390}.Release|Any CPU.ActiveCfg = Release|Any CPU
		{169BFC3B-DCB5-4A82-8B90-F50E218D3390}.Release|Any CPU.Build.0 = Release|Any CPU
		{F28D059C-139B-4636-B18B-EF97B44CD375}.Debug|Any CPU.ActiveCfg = Debug|Any CPU
		{F28D059C-139B-4636-B18B-EF97B44CD375}.Debug|Any CPU.Build.0 = Debug|Any CPU
		{F28D059C-139B-4636-B18B-EF97B44CD375}.Release|Any CPU.ActiveCfg = Release|Any CPU
		{F28D059C-139B-4636-B18B-EF97B44CD375}.Release|Any CPU.Build.0 = Release|Any CPU
	EndGlobalSection
	GlobalSection(SolutionProperties) = preSolution
		HideSolutionNode = FALSE
	EndGlobalSection
	GlobalSection(ExtensibilityGlobals) = postSolution
		SolutionGuid = {D71FBA18-609F-4B16-B6D9-0F126530E484}
	EndGlobalSection
EndGlobal
