
Microsoft Visual Studio Solution File, Format Version 12.00
# Visual Studio 15
VisualStudioVersion = 15.0.27703.2026
MinimumVisualStudioVersion = 10.0.40219.1
Project("{FAE04EC0-301F-11D3-BF4B-00C04F79EFBC}") = "AdavancedCSharp", "AdavancedCSharp\AdavancedCSharp.csproj", "{169BFC3B-DCB5-4A82-8B90-F50E218D3390}"
EndProject
Project("{FAE04EC0-301F-11D3-BF4B-00C04F79EFBC}") = "CSharpOOPDemo", "CSharpOOPDemo\CSharpOOPDemo.csproj", "{F28D059C-139B-4636-B18B-EF97B44CD375}"
EndProject
Project("{FAE04EC0-301F-11D3-BF4B-00C04F79EFBC}") = "Events", "Events\Events.csproj", "{A8072E7D-C578-4728-AC63-0B96C91F665F}"
EndProject
Project("{FAE04EC0-301F-11D3-BF4B-00C04F79EFBC}") = "LINQTutorials", "LINQTutorials\LINQTutorials.csproj", "{4F62C6AE-C2CE-4DD1-A1FD-6D390CA9553E}"
EndProject
Project("{FAE04EC0-301F-11D3-BF4B-00C04F79EFBC}") = "ADO.Net", "ADO.Net\ADO.Net.csproj", "{8C456706-A00F-4AA7-8ECE-62ECBB39601F}"
EndProject
Project("{FAE04EC0-301F-11D3-BF4B-00C04F79EFBC}") = "EntityFrameworkDemo", "EntityFrameworkDemo\EntityFrameworkDemo.csproj", "{649F968A-8AB9-4344-868F-D1F795AD4A46}"
EndProject
Global
	GlobalSection(SolutionConfigurationPlatforms) = preSolution
		Debug|Any CPU = Debug|Any CPU
		Release|Any CPU = Release|Any CPU
	EndGlobalSection
	GlobalSection(ProjectConfigurationPlatforms) = postSolution
		{169BFC3B-DCB5-4A82-8B90-F50E218D3390}.Debug|Any CPU.ActiveCfg = Debug|Any CPU
		{169BFC3B-DCB5-4A82-8B90-F50E218D3390}.Debug|Any CPU.Build.0 = Debug|Any CPU
		{169BFC3B-DCB5-4A82-8B90-F50E218D3390}.Release|Any CPU.ActiveCfg = Release|Any CPU
		{169BFC3B-DCB5-4A82-8B90-F50E218D3390}.Release|Any CPU.Build.0 = Release|Any CPU
		{F28D059C-139B-4636-B18B-EF97B44CD375}.Debug|Any CPU.ActiveCfg = Debug|Any CPU
		{F28D059C-139B-4636-B18B-EF97B44CD375}.Debug|Any CPU.Build.0 = Debug|Any CPU
		{F28D059C-139B-4636-B18B-EF97B44CD375}.Release|Any CPU.ActiveCfg = Release|Any CPU
		{F28D059C-139B-4636-B18B-EF97B44CD375}.Release|Any CPU.Build.0 = Release|Any CPU
		{A8072E7D-C578-4728-AC63-0B96C91F665F}.Debug|Any CPU.ActiveCfg = Debug|Any CPU
		{A8072E7D-C578-4728-AC63-0B96C91F665F}.Debug|Any CPU.Build.0 = Debug|Any CPU
		{A8072E7D-C578-4728-AC63-0B96C91F665F}.Release|Any CPU.ActiveCfg = Release|Any CPU
		{A8072E7D-C578-4728-AC63-0B96C91F665F}.Release|Any CPU.Build.0 = Release|Any CPU
		{4F62C6AE-C2CE-4DD1-A1FD-6D390CA9553E}.Debug|Any CPU.ActiveCfg = Debug|Any CPU
		{4F62C6AE-C2CE-4DD1-A1FD-6D390CA9553E}.Debug|Any CPU.Build.0 = Debug|Any CPU
		{4F62C6AE-C2CE-4DD1-A1FD-6D390CA9553E}.Release|Any CPU.ActiveCfg = Release|Any CPU
		{4F62C6AE-C2CE-4DD1-A1FD-6D390CA9553E}.Release|Any CPU.Build.0 = Release|Any CPU
		{8C456706-A00F-4AA7-8ECE-62ECBB39601F}.Debug|Any CPU.ActiveCfg = Debug|Any CPU
		{8C456706-A00F-4AA7-8ECE-62ECBB39601F}.Debug|Any CPU.Build.0 = Debug|Any CPU
		{8C456706-A00F-4AA7-8ECE-62ECBB39601F}.Release|Any CPU.ActiveCfg = Release|Any CPU
		{8C456706-A00F-4AA7-8ECE-62ECBB39601F}.Release|Any CPU.Build.0 = Release|Any CPU
		{649F968A-8AB9-4344-868F-D1F795AD4A46}.Debug|Any CPU.ActiveCfg = Debug|Any CPU
		{649F968A-8AB9-4344-868F-D1F795AD4A46}.Debug|Any CPU.Build.0 = Debug|Any CPU
		{649F968A-8AB9-4344-868F-D1F795AD4A46}.Release|Any CPU.ActiveCfg = Release|Any CPU
		{649F968A-8AB9-4344-868F-D1F795AD4A46}.Release|Any CPU.Build.0 = Release|Any CPU
	EndGlobalSection
	GlobalSection(SolutionProperties) = preSolution
		HideSolutionNode = FALSE
	EndGlobalSection
	GlobalSection(ExtensibilityGlobals) = postSolution
		SolutionGuid = {D71FBA18-609F-4B16-B6D9-0F126530E484}
	EndGlobalSection
EndGlobal
